// !$*UTF8*$!
{
	archiveVersion = 1;
	classes = {
	};
	objectVersion = 46;
	objects = {

/* Begin PBXBuildFile section */
		3186388C1EABD40100C65668 /* AppDelegate.swift in Sources */ = {isa = PBXBuildFile; fileRef = 3186388B1EABD40100C65668 /* AppDelegate.swift */; };
		3186388E1EABD40100C65668 /* ViewController.swift in Sources */ = {isa = PBXBuildFile; fileRef = 3186388D1EABD40100C65668 /* ViewController.swift */; };
		318638911EABD40100C65668 /* Main.storyboard in Resources */ = {isa = PBXBuildFile; fileRef = 3186388F1EABD40100C65668 /* Main.storyboard */; };
		318638931EABD40100C65668 /* Assets.xcassets in Resources */ = {isa = PBXBuildFile; fileRef = 318638921EABD40100C65668 /* Assets.xcassets */; };
		318638961EABD40100C65668 /* LaunchScreen.storyboard in Resources */ = {isa = PBXBuildFile; fileRef = 318638941EABD40100C65668 /* LaunchScreen.storyboard */; };
		318638A11EABD40200C65668 /* _830_vibrateTests.swift in Sources */ = {isa = PBXBuildFile; fileRef = 318638A01EABD40200C65668 /* _830_vibrateTests.swift */; };
/* End PBXBuildFile section */

/* Begin PBXContainerItemProxy section */
		3186389D1EABD40200C65668 /* PBXContainerItemProxy */ = {
			isa = PBXContainerItemProxy;
			containerPortal = 318638801EABD40100C65668 /* Project object */;
			proxyType = 1;
			remoteGlobalIDString = 318638871EABD40100C65668;
			remoteInfo = 4830_vibrate;
		};
/* End PBXContainerItemProxy section */

/* Begin PBXFileReference section */
		318638881EABD40100C65668 /* 4830_vibrate.app */ = {isa = PBXFileReference; explicitFileType = wrapper.application; includeInIndex = 0; path = 4830_vibrate.app; sourceTree = BUILT_PRODUCTS_DIR; };
		3186388B1EABD40100C65668 /* AppDelegate.swift */ = {isa = PBXFileReference; lastKnownFileType = sourcecode.swift; path = AppDelegate.swift; sourceTree = "<group>"; };
		3186388D1EABD40100C65668 /* ViewController.swift */ = {isa = PBXFileReference; lastKnownFileType = sourcecode.swift; path = ViewController.swift; sourceTree = "<group>"; };
		318638901EABD40100C65668 /* Base */ = {isa = PBXFileReference; lastKnownFileType = file.storyboard; name = Base; path = Base.lproj/Main.storyboard; sourceTree = "<group>"; };
		318638921EABD40100C65668 /* Assets.xcassets */ = {isa = PBXFileReference; lastKnownFileType = folder.assetcatalog; path = Assets.xcassets; sourceTree = "<group>"; };
		318638951EABD40100C65668 /* Base */ = {isa = PBXFileReference; lastKnownFileType = file.storyboard; name = Base; path = Base.lproj/LaunchScreen.storyboard; sourceTree = "<group>"; };
		318638971EABD40100C65668 /* Info.plist */ = {isa = PBXFileReference; lastKnownFileType = text.plist.xml; path = Info.plist; sourceTree = "<group>"; };
		3186389C1EABD40200C65668 /* 4830_vibrateTests.xctest */ = {isa = PBXFileReference; explicitFileType = wrapper.cfbundle; includeInIndex = 0; path = 4830_vibrateTests.xctest; sourceTree = BUILT_PRODUCTS_DIR; };
		318638A01EABD40200C65668 /* _830_vibrateTests.swift */ = {isa = PBXFileReference; lastKnownFileType = sourcecode.swift; path = _830_vibrateTests.swift; sourceTree = "<group>"; };
		318638A21EABD40200C65668 /* Info.plist */ = {isa = PBXFileReference; lastKnownFileType = text.plist.xml; path = Info.plist; sourceTree = "<group>"; };
/* End PBXFileReference section */

/* Begin PBXFrameworksBuildPhase section */
		318638851EABD40100C65668 /* Frameworks */ = {
			isa = PBXFrameworksBuildPhase;
			buildActionMask = 2147483647;
			files = (
			);
			runOnlyForDeploymentPostprocessing = 0;
		};
		318638991EABD40200C65668 /* Frameworks */ = {
			isa = PBXFrameworksBuildPhase;
			buildActionMask = 2147483647;
			files = (
			);
			runOnlyForDeploymentPostprocessing = 0;
		};
/* End PBXFrameworksBuildPhase section */

/* Begin PBXGroup section */
		3186387F1EABD40100C65668 = {
			isa = PBXGroup;
			children = (
				3186388A1EABD40100C65668 /* 4830_vibrate */,
				3186389F1EABD40200C65668 /* 4830_vibrateTests */,
				318638891EABD40100C65668 /* Products */,
			);
			sourceTree = "<group>";
		};
		318638891EABD40100C65668 /* Products */ = {
			isa = PBXGroup;
			children = (
				318638881EABD40100C65668 /* 4830_vibrate.app */,
				3186389C1EABD40200C65668 /* 4830_vibrateTests.xctest */,
			);
			name = Products;
			sourceTree = "<group>";
		};
		3186388A1EABD40100C65668 /* 4830_vibrate */ = {
			isa = PBXGroup;
			children = (
				3186388B1EABD40100C65668 /* AppDelegate.swift */,
				3186388D1EABD40100C65668 /* ViewController.swift */,
				3186388F1EABD40100C65668 /* Main.storyboard */,
				318638921EABD40100C65668 /* Assets.xcassets */,
				318638941EABD40100C65668 /* LaunchScreen.storyboard */,
				318638971EABD40100C65668 /* Info.plist */,
			);
			path = 4830_vibrate;
			sourceTree = "<group>";
		};
		3186389F1EABD40200C65668 /* 4830_vibrateTests */ = {
			isa = PBXGroup;
			children = (
				318638A01EABD40200C65668 /* _830_vibrateTests.swift */,
				318638A21EABD40200C65668 /* Info.plist */,
			);
			path = 4830_vibrateTests;
			sourceTree = "<group>";
		};
/* End PBXGroup section */

/* Begin PBXNativeTarget section */
		318638871EABD40100C65668 /* 4830_vibrate */ = {
			isa = PBXNativeTarget;
			buildConfigurationList = 318638A51EABD40200C65668 /* Build configuration list for PBXNativeTarget "4830_vibrate" */;
			buildPhases = (
				318638841EABD40100C65668 /* Sources */,
				318638851EABD40100C65668 /* Frameworks */,
				318638861EABD40100C65668 /* Resources */,
			);
			buildRules = (
			);
			dependencies = (
			);
			name = 4830_vibrate;
			productName = 4830_vibrate;
			productReference = 318638881EABD40100C65668 /* 4830_vibrate.app */;
			productType = "com.apple.product-type.application";
		};
		3186389B1EABD40200C65668 /* 4830_vibrateTests */ = {
			isa = PBXNativeTarget;
			buildConfigurationList = 318638A81EABD40200C65668 /* Build configuration list for PBXNativeTarget "4830_vibrateTests" */;
			buildPhases = (
				318638981EABD40200C65668 /* Sources */,
				318638991EABD40200C65668 /* Frameworks */,
				3186389A1EABD40200C65668 /* Resources */,
			);
			buildRules = (
			);
			dependencies = (
				3186389E1EABD40200C65668 /* PBXTargetDependency */,
			);
			name = 4830_vibrateTests;
			productName = 4830_vibrateTests;
			productReference = 3186389C1EABD40200C65668 /* 4830_vibrateTests.xctest */;
			productType = "com.apple.product-type.bundle.unit-test";
		};
/* End PBXNativeTarget section */

/* Begin PBXProject section */
		318638801EABD40100C65668 /* Project object */ = {
			isa = PBXProject;
			attributes = {
				LastSwiftUpdateCheck = 0830;
				LastUpgradeCheck = 0830;
				ORGANIZATIONNAME = "Ross Blassingame";
				TargetAttributes = {
					318638871EABD40100C65668 = {
						CreatedOnToolsVersion = 8.3.2;
						DevelopmentTeam = DK5EH8G5V5;
						ProvisioningStyle = Automatic;
					};
					3186389B1EABD40200C65668 = {
						CreatedOnToolsVersion = 8.3.2;
						DevelopmentTeam = DK5EH8G5V5;
						ProvisioningStyle = Automatic;
						TestTargetID = 318638871EABD40100C65668;
					};
				};
			};
			buildConfigurationList = 318638831EABD40100C65668 /* Build configuration list for PBXProject "4830_vibrate" */;
			compatibilityVersion = "Xcode 3.2";
			developmentRegion = English;
			hasScannedForEncodings = 0;
			knownRegions = (
				en,
				Base,
			);
			mainGroup = 3186387F1EABD40100C65668;
			productRefGroup = 318638891EABD40100C65668 /* Products */;
			projectDirPath = "";
			projectRoot = "";
			targets = (
				318638871EABD40100C65668 /* 4830_vibrate */,
				3186389B1EABD40200C65668 /* 4830_vibrateTests */,
			);
		};
/* End PBXProject section */

/* Begin PBXResourcesBuildPhase section */
		318638861EABD40100C65668 /* Resources */ = {
			isa = PBXResourcesBuildPhase;
			buildActionMask = 2147483647;
			files = (
				318638961EABD40100C65668 /* LaunchScreen.storyboard in Resources */,
				318638931EABD40100C65668 /* Assets.xcassets in Resources */,
				318638911EABD40100C65668 /* Main.storyboard in Resources */,
			);
			runOnlyForDeploymentPostprocessing = 0;
		};
		3186389A1EABD40200C65668 /* Resources */ = {
			isa = PBXResourcesBuildPhase;
			buildActionMask = 2147483647;
			files = (
			);
			runOnlyForDeploymentPostprocessing = 0;
		};
/* End PBXResourcesBuildPhase section */

/* Begin PBXSourcesBuildPhase section */
		318638841EABD40100C65668 /* Sources */ = {
			isa = PBXSourcesBuildPhase;
			buildActionMask = 2147483647;
			files = (
				3186388E1EABD40100C65668 /* ViewController.swift in Sources */,
				3186388C1EABD40100C65668 /* AppDelegate.swift in Sources */,
			);
			runOnlyForDeploymentPostprocessing = 0;
		};
		318638981EABD40200C65668 /* Sources */ = {
			isa = PBXSourcesBuildPhase;
			buildActionMask = 2147483647;
			files = (
				318638A11EABD40200C65668 /* _830_vibrateTests.swift in Sources */,
			);
			runOnlyForDeploymentPostprocessing = 0;
		};
/* End PBXSourcesBuildPhase section */

/* Begin PBXTargetDependency section */
		3186389E1EABD40200C65668 /* PBXTargetDependency */ = {
			isa = PBXTargetDependency;
			target = 318638871EABD40100C65668 /* 4830_vibrate */;
			targetProxy = 3186389D1EABD40200C65668 /* PBXContainerItemProxy */;
		};
/* End PBXTargetDependency section */

/* Begin PBXVariantGroup section */
		3186388F1EABD40100C65668 /* Main.storyboard */ = {
			isa = PBXVariantGroup;
			children = (
				318638901EABD40100C65668 /* Base */,
			);
			name = Main.storyboard;
			sourceTree = "<group>";
		};
		318638941EABD40100C65668 /* LaunchScreen.storyboard */ = {
			isa = PBXVariantGroup;
			children = (
				318638951EABD40100C65668 /* Base */,
			);
			name = LaunchScreen.storyboard;
			sourceTree = "<group>";
		};
/* End PBXVariantGroup section */

/* Begin XCBuildConfiguration section */
		318638A31EABD40200C65668 /* Debug */ = {
			isa = XCBuildConfiguration;
			buildSettings = {
				ALWAYS_SEARCH_USER_PATHS = NO;
				CLANG_ANALYZER_NONNULL = YES;
				CLANG_ANALYZER_NUMBER_OBJECT_CONVERSION = YES_AGGRESSIVE;
				CLANG_CXX_LANGUAGE_STANDARD = "gnu++0x";
				CLANG_CXX_LIBRARY = "libc++";
				CLANG_ENABLE_MODULES = YES;
				CLANG_ENABLE_OBJC_ARC = YES;
				CLANG_WARN_BOOL_CONVERSION = YES;
				CLANG_WARN_CONSTANT_CONVERSION = YES;
				CLANG_WARN_DIRECT_OBJC_ISA_USAGE = YES_ERROR;
				CLANG_WARN_DOCUMENTATION_COMMENTS = YES;
				CLANG_WARN_EMPTY_BODY = YES;
				CLANG_WARN_ENUM_CONVERSION = YES;
				CLANG_WARN_INFINITE_RECURSION = YES;
				CLANG_WARN_INT_CONVERSION = YES;
				CLANG_WARN_OBJC_ROOT_CLASS = YES_ERROR;
				CLANG_WARN_SUSPICIOUS_MOVE = YES;
				CLANG_WARN_UNREACHABLE_CODE = YES;
				CLANG_WARN__DUPLICATE_METHOD_MATCH = YES;
				"CODE_SIGN_IDENTITY[sdk=iphoneos*]" = "iPhone Developer";
				COPY_PHASE_STRIP = NO;
				DEBUG_INFORMATION_FORMAT = dwarf;
				ENABLE_STRICT_OBJC_MSGSEND = YES;
				ENABLE_TESTABILITY = YES;
				GCC_C_LANGUAGE_STANDARD = gnu99;
				GCC_DYNAMIC_NO_PIC = NO;
				GCC_NO_COMMON_BLOCKS = YES;
				GCC_OPTIMIZATION_LEVEL = 0;
				GCC_PREPROCESSOR_DEFINITIONS = (
					"DEBUG=1",
					"$(inherited)",
				);
				GCC_WARN_64_TO_32_BIT_CONVERSION = YES;
				GCC_WARN_ABOUT_RETURN_TYPE = YES_ERROR;
				GCC_WARN_UNDECLARED_SELECTOR = YES;
				GCC_WARN_UNINITIALIZED_AUTOS = YES_AGGRESSIVE;
				GCC_WARN_UNUSED_FUNCTION = YES;
				GCC_WARN_UNUSED_VARIABLE = YES;
				IPHONEOS_DEPLOYMENT_TARGET = 10.3;
				MTL_ENABLE_DEBUG_INFO = YES;
				ONLY_ACTIVE_ARCH = YES;
				SDKROOT = iphoneos;
				SWIFT_ACTIVE_COMPILATION_CONDITIONS = DEBUG;
				SWIFT_OPTIMIZATION_LEVEL = "-Onone";
				TARGETED_DEVICE_FAMILY = "1,2";
			};
			name = Debug;
		};
		318638A41EABD40200C65668 /* Release */ = {
			isa = XCBuildConfiguration;
			buildSettings = {
				ALWAYS_SEARCH_USER_PATHS = NO;
				CLANG_ANALYZER_NONNULL = YES;
				CLANG_ANALYZER_NUMBER_OBJECT_CONVERSION = YES_AGGRESSIVE;
				CLANG_CXX_LANGUAGE_STANDARD = "gnu++0x";
				CLANG_CXX_LIBRARY = "libc++";
				CLANG_ENABLE_MODULES = YES;
				CLANG_ENABLE_OBJC_ARC = YES;
				CLANG_WARN_BOOL_CONVERSION = YES;
				CLANG_WARN_CONSTANT_CONVERSION = YES;
				CLANG_WARN_DIRECT_OBJC_ISA_USAGE = YES_ERROR;
				CLANG_WARN_DOCUMENTATION_COMMENTS = YES;
				CLANG_WARN_EMPTY_BODY = YES;
				CLANG_WARN_ENUM_CONVERSION = YES;
				CLANG_WARN_INFINITE_RECURSION = YES;
				CLANG_WARN_INT_CONVERSION = YES;
				CLANG_WARN_OBJC_ROOT_CLASS = YES_ERROR;
				CLANG_WARN_SUSPICIOUS_MOVE = YES;
				CLANG_WARN_UNREACHABLE_CODE = YES;
				CLANG_WARN__DUPLICATE_METHOD_MATCH = YES;
				"CODE_SIGN_IDENTITY[sdk=iphoneos*]" = "iPhone Developer";
				COPY_PHASE_STRIP = NO;
				DEBUG_INFORMATION_FORMAT = "dwarf-with-dsym";
				ENABLE_NS_ASSERTIONS = NO;
				ENABLE_STRICT_OBJC_MSGSEND = YES;
				GCC_C_LANGUAGE_STANDARD = gnu99;
				GCC_NO_COMMON_BLOCKS = YES;
				GCC_WARN_64_TO_32_BIT_CONVERSION = YES;
				GCC_WARN_ABOUT_RETURN_TYPE = YES_ERROR;
				GCC_WARN_UNDECLARED_SELECTOR = YES;
				GCC_WARN_UNINITIALIZED_AUTOS = YES_AGGRESSIVE;
				GCC_WARN_UNUSED_FUNCTION = YES;
				GCC_WARN_UNUSED_VARIABLE = YES;
				IPHONEOS_DEPLOYMENT_TARGET = 10.3;
				MTL_ENABLE_DEBUG_INFO = NO;
				SDKROOT = iphoneos;
				SWIFT_OPTIMIZATION_LEVEL = "-Owholemodule";
				TARGETED_DEVICE_FAMILY = "1,2";
				VALIDATE_PRODUCT = YES;
			};
			name = Release;
		};
		318638A61EABD40200C65668 /* Debug */ = {
			isa = XCBuildConfiguration;
			buildSettings = {
				ASSETCATALOG_COMPILER_APPICON_NAME = AppIcon;
				DEVELOPMENT_TEAM = DK5EH8G5V5;
				INFOPLIST_FILE = 4830_vibrate/Info.plist;
				LD_RUNPATH_SEARCH_PATHS = "$(inherited) @executable_path/Frameworks";
				PRODUCT_BUNDLE_IDENTIFIER = "com.example.-830-vibrate";
				PRODUCT_NAME = "$(TARGET_NAME)";
				SWIFT_VERSION = 3.0;
			};
			name = Debug;
		};
		318638A71EABD40200C65668 /* Release */ = {
			isa = XCBuildConfiguration;
			buildSettings = {
				ASSETCATALOG_COMPILER_APPICON_NAME = AppIcon;
				DEVELOPMENT_TEAM = DK5EH8G5V5;
				INFOPLIST_FILE = 4830_vibrate/Info.plist;
				LD_RUNPATH_SEARCH_PATHS = "$(inherited) @executable_path/Frameworks";
				PRODUCT_BUNDLE_IDENTIFIER = "com.example.-830-vibrate";
				PRODUCT_NAME = "$(TARGET_NAME)";
				SWIFT_VERSION = 3.0;
			};
			name = Release;
		};
		318638A91EABD40200C65668 /* Debug */ = {
			isa = XCBuildConfiguration;
			buildSettings = {
				ALWAYS_EMBED_SWIFT_STANDARD_LIBRARIES = YES;
				BUNDLE_LOADER = "$(TEST_HOST)";
				DEVELOPMENT_TEAM = DK5EH8G5V5;
				INFOPLIST_FILE = 4830_vibrateTests/Info.plist;
				LD_RUNPATH_SEARCH_PATHS = "$(inherited) @executable_path/Frameworks @loader_path/Frameworks";
				PRODUCT_BUNDLE_IDENTIFIER = "com.example.-830-vibrateTests";
				PRODUCT_NAME = "$(TARGET_NAME)";
				SWIFT_VERSION = 3.0;
				TEST_HOST = "$(BUILT_PRODUCTS_DIR)/4830_vibrate.app/4830_vibrate";
			};
			name = Debug;
		};
		318638AA1EABD40200C65668 /* Release */ = {
			isa = XCBuildConfiguration;
			buildSettings = {
				ALWAYS_EMBED_SWIFT_STANDARD_LIBRARIES = YES;
				BUNDLE_LOADER = "$(TEST_HOST)";
				DEVELOPMENT_TEAM = DK5EH8G5V5;
				INFOPLIST_FILE = 4830_vibrateTests/Info.plist;
				LD_RUNPATH_SEARCH_PATHS = "$(inherited) @executable_path/Frameworks @loader_path/Frameworks";
				PRODUCT_BUNDLE_IDENTIFIER = "com.example.-830-vibrateTests";
				PRODUCT_NAME = "$(TARGET_NAME)";
				SWIFT_VERSION = 3.0;
				TEST_HOST = "$(BUILT_PRODUCTS_DIR)/4830_vibrate.app/4830_vibrate";
			};
			name = Release;
		};
/* End XCBuildConfiguration section */

/* Begin XCConfigurationList section */
		318638831EABD40100C65668 /* Build configuration list for PBXProject "4830_vibrate" */ = {
			isa = XCConfigurationList;
			buildConfigurations = (
				318638A31EABD40200C65668 /* Debug */,
				318638A41EABD40200C65668 /* Release */,
			);
			defaultConfigurationIsVisible = 0;
			defaultConfigurationName = Release;
		};
		318638A51EABD40200C65668 /* Build configuration list for PBXNativeTarget "4830_vibrate" */ = {
			isa = XCConfigurationList;
			buildConfigurations = (
				318638A61EABD40200C65668 /* Debug */,
				318638A71EABD40200C65668 /* Release */,
			);
			defaultConfigurationIsVisible = 0;
		};
		318638A81EABD40200C65668 /* Build configuration list for PBXNativeTarget "4830_vibrateTests" */ = {
			isa = XCConfigurationList;
			buildConfigurations = (
				318638A91EABD40200C65668 /* Debug */,
				318638AA1EABD40200C65668 /* Release */,
			);
			defaultConfigurationIsVisible = 0;
		};
/* End XCConfigurationList section */
	};
	rootObject = 318638801EABD40100C65668 /* Project object */;
}
